// !$*UTF8*$!
{
	archiveVersion = 1;
	classes = {
	};
	objectVersion = 46;
	objects = {

/* Begin PBXBuildFile section */
		3E2B6D311EEB39E500B14566 /* Peer.m in Sources */ = {isa = PBXBuildFile; fileRef = 3E2B6D301EEB39E500B14566 /* Peer.m */; };
		3E2B6D331EEB59F800B14566 /* libz.tbd in Frameworks */ = {isa = PBXBuildFile; fileRef = 3E2B6D321EEB59F800B14566 /* libz.tbd */; };
		3E38E8221EF0560800954A92 /* BFTransmitter.framework in Frameworks */ = {isa = PBXBuildFile; fileRef = 3E38E8211EF0560800954A92 /* BFTransmitter.framework */; };
		3E38E8231EF0560800954A92 /* BFTransmitter.framework in Embed Frameworks */ = {isa = PBXBuildFile; fileRef = 3E38E8211EF0560800954A92 /* BFTransmitter.framework */; settings = {ATTRIBUTES = (CodeSignOnCopy, RemoveHeadersOnCopy, ); }; };
		3E885AD81EE9E66A00735F87 /* FileInfo.m in Sources */ = {isa = PBXBuildFile; fileRef = 3E885AD71EE9E66A00735F87 /* FileInfo.m */; };
		3E993D311EE8BF850007ABDF /* main.m in Sources */ = {isa = PBXBuildFile; fileRef = 3E993D301EE8BF850007ABDF /* main.m */; };
		3E993D341EE8BF850007ABDF /* AppDelegate.m in Sources */ = {isa = PBXBuildFile; fileRef = 3E993D331EE8BF850007ABDF /* AppDelegate.m */; };
		3E993D3A1EE8BF850007ABDF /* Main.storyboard in Resources */ = {isa = PBXBuildFile; fileRef = 3E993D381EE8BF850007ABDF /* Main.storyboard */; };
		3E993D3F1EE8BF850007ABDF /* LaunchScreen.storyboard in Resources */ = {isa = PBXBuildFile; fileRef = 3E993D3D1EE8BF850007ABDF /* LaunchScreen.storyboard */; };
		3E993D471EE8C7D10007ABDF /* Assets.xcassets in Resources */ = {isa = PBXBuildFile; fileRef = 3E993D461EE8C7D10007ABDF /* Assets.xcassets */; };
		3E993D4A1EE8C8D30007ABDF /* NearbyPeersTableViewController.m in Sources */ = {isa = PBXBuildFile; fileRef = 3E993D491EE8C8D20007ABDF /* NearbyPeersTableViewController.m */; };
		3E993D4D1EE8C8EA0007ABDF /* FilesTableViewController.m in Sources */ = {isa = PBXBuildFile; fileRef = 3E993D4C1EE8C8EA0007ABDF /* FilesTableViewController.m */; };
/* End PBXBuildFile section */

/* Begin PBXCopyFilesBuildPhase section */
		3E38E8201EF0555F00954A92 /* Embed Frameworks */ = {
			isa = PBXCopyFilesBuildPhase;
			buildActionMask = 2147483647;
			dstPath = "";
			dstSubfolderSpec = 10;
			files = (
				3E38E8231EF0560800954A92 /* BFTransmitter.framework in Embed Frameworks */,
			);
			name = "Embed Frameworks";
			runOnlyForDeploymentPostprocessing = 0;
		};
/* End PBXCopyFilesBuildPhase section */

/* Begin PBXFileReference section */
		3E2B6D2F1EEB39E500B14566 /* Peer.h */ = {isa = PBXFileReference; fileEncoding = 4; lastKnownFileType = sourcecode.c.h; path = Peer.h; sourceTree = "<group>"; };
		3E2B6D301EEB39E500B14566 /* Peer.m */ = {isa = PBXFileReference; fileEncoding = 4; lastKnownFileType = sourcecode.c.objc; path = Peer.m; sourceTree = "<group>"; };
		3E2B6D321EEB59F800B14566 /* libz.tbd */ = {isa = PBXFileReference; lastKnownFileType = "sourcecode.text-based-dylib-definition"; name = libz.tbd; path = usr/lib/libz.tbd; sourceTree = SDKROOT; };
		3E38E8211EF0560800954A92 /* BFTransmitter.framework */ = {isa = PBXFileReference; lastKnownFileType = wrapper.framework; name = BFTransmitter.framework; path = ../../../BFTransmitter.framework; sourceTree = "<group>"; };
		3E885AD61EE9E66A00735F87 /* FileInfo.h */ = {isa = PBXFileReference; fileEncoding = 4; lastKnownFileType = sourcecode.c.h; path = FileInfo.h; sourceTree = "<group>"; };
		3E885AD71EE9E66A00735F87 /* FileInfo.m */ = {isa = PBXFileReference; fileEncoding = 4; lastKnownFileType = sourcecode.c.objc; path = FileInfo.m; sourceTree = "<group>"; };
		3E993D2C1EE8BF850007ABDF /* FileShare.app */ = {isa = PBXFileReference; explicitFileType = wrapper.application; includeInIndex = 0; path = FileShare.app; sourceTree = BUILT_PRODUCTS_DIR; };
		3E993D301EE8BF850007ABDF /* main.m */ = {isa = PBXFileReference; lastKnownFileType = sourcecode.c.objc; path = main.m; sourceTree = "<group>"; };
		3E993D321EE8BF850007ABDF /* AppDelegate.h */ = {isa = PBXFileReference; lastKnownFileType = sourcecode.c.h; path = AppDelegate.h; sourceTree = "<group>"; };
		3E993D331EE8BF850007ABDF /* AppDelegate.m */ = {isa = PBXFileReference; lastKnownFileType = sourcecode.c.objc; path = AppDelegate.m; sourceTree = "<group>"; };
		3E993D391EE8BF850007ABDF /* Base */ = {isa = PBXFileReference; lastKnownFileType = file.storyboard; name = Base; path = Base.lproj/Main.storyboard; sourceTree = "<group>"; };
		3E993D3E1EE8BF850007ABDF /* Base */ = {isa = PBXFileReference; lastKnownFileType = file.storyboard; name = Base; path = Base.lproj/LaunchScreen.storyboard; sourceTree = "<group>"; };
		3E993D401EE8BF850007ABDF /* Info.plist */ = {isa = PBXFileReference; lastKnownFileType = text.plist.xml; path = Info.plist; sourceTree = "<group>"; };
		3E993D461EE8C7D10007ABDF /* Assets.xcassets */ = {isa = PBXFileReference; lastKnownFileType = folder.assetcatalog; path = Assets.xcassets; sourceTree = "<group>"; };
		3E993D481EE8C8D20007ABDF /* NearbyPeersTableViewController.h */ = {isa = PBXFileReference; fileEncoding = 4; lastKnownFileType = sourcecode.c.h; path = NearbyPeersTableViewController.h; sourceTree = "<group>"; };
		3E993D491EE8C8D20007ABDF /* NearbyPeersTableViewController.m */ = {isa = PBXFileReference; fileEncoding = 4; lastKnownFileType = sourcecode.c.objc; path = NearbyPeersTableViewController.m; sourceTree = "<group>"; };
		3E993D4B1EE8C8EA0007ABDF /* FilesTableViewController.h */ = {isa = PBXFileReference; fileEncoding = 4; lastKnownFileType = sourcecode.c.h; path = FilesTableViewController.h; sourceTree = "<group>"; };
		3E993D4C1EE8C8EA0007ABDF /* FilesTableViewController.m */ = {isa = PBXFileReference; fileEncoding = 4; lastKnownFileType = sourcecode.c.objc; path = FilesTableViewController.m; sourceTree = "<group>"; };
		3E993D5D1EE8E37B0007ABDF /* FileShare.entitlements */ = {isa = PBXFileReference; lastKnownFileType = text.plist.entitlements; path = FileShare.entitlements; sourceTree = "<group>"; };
/* End PBXFileReference section */

/* Begin PBXFrameworksBuildPhase section */
		3E993D291EE8BF850007ABDF /* Frameworks */ = {
			isa = PBXFrameworksBuildPhase;
			buildActionMask = 2147483647;
			files = (
				3E38E8221EF0560800954A92 /* BFTransmitter.framework in Frameworks */,
				3E2B6D331EEB59F800B14566 /* libz.tbd in Frameworks */,
			);
			runOnlyForDeploymentPostprocessing = 0;
		};
/* End PBXFrameworksBuildPhase section */

/* Begin PBXGroup section */
		3E993D231EE8BF850007ABDF = {
			isa = PBXGroup;
			children = (
				3E993D2E1EE8BF850007ABDF /* FileShare */,
				3E993D2D1EE8BF850007ABDF /* Products */,
				3E993D581EE8CB640007ABDF /* Frameworks */,
			);
			sourceTree = "<group>";
		};
		3E993D2D1EE8BF850007ABDF /* Products */ = {
			isa = PBXGroup;
			children = (
				3E993D2C1EE8BF850007ABDF /* FileShare.app */,
			);
			name = Products;
			sourceTree = "<group>";
		};
		3E993D2E1EE8BF850007ABDF /* FileShare */ = {
			isa = PBXGroup;
			children = (
				3E993D5D1EE8E37B0007ABDF /* FileShare.entitlements */,
				3E993D321EE8BF850007ABDF /* AppDelegate.h */,
				3E993D331EE8BF850007ABDF /* AppDelegate.m */,
				3E993D381EE8BF850007ABDF /* Main.storyboard */,
				3E993D481EE8C8D20007ABDF /* NearbyPeersTableViewController.h */,
				3E993D491EE8C8D20007ABDF /* NearbyPeersTableViewController.m */,
				3E993D4B1EE8C8EA0007ABDF /* FilesTableViewController.h */,
				3E993D4C1EE8C8EA0007ABDF /* FilesTableViewController.m */,
				3E993D461EE8C7D10007ABDF /* Assets.xcassets */,
				3E993D3D1EE8BF850007ABDF /* LaunchScreen.storyboard */,
				3E993D401EE8BF850007ABDF /* Info.plist */,
				3E993D2F1EE8BF850007ABDF /* Supporting Files */,
				3E885AD61EE9E66A00735F87 /* FileInfo.h */,
				3E885AD71EE9E66A00735F87 /* FileInfo.m */,
				3E2B6D2F1EEB39E500B14566 /* Peer.h */,
				3E2B6D301EEB39E500B14566 /* Peer.m */,
			);
			path = FileShare;
			sourceTree = "<group>";
		};
		3E993D2F1EE8BF850007ABDF /* Supporting Files */ = {
			isa = PBXGroup;
			children = (
				3E993D301EE8BF850007ABDF /* main.m */,
			);
			name = "Supporting Files";
			sourceTree = "<group>";
		};
		3E993D581EE8CB640007ABDF /* Frameworks */ = {
			isa = PBXGroup;
			children = (
				3E2B6D321EEB59F800B14566 /* libz.tbd */,
				3E38E8211EF0560800954A92 /* BFTransmitter.framework */,
			);
			name = Frameworks;
			sourceTree = "<group>";
		};
/* End PBXGroup section */

/* Begin PBXNativeTarget section */
		3E993D2B1EE8BF850007ABDF /* FileShare */ = {
			isa = PBXNativeTarget;
			buildConfigurationList = 3E993D431EE8BF850007ABDF /* Build configuration list for PBXNativeTarget "FileShare" */;
			buildPhases = (
				3E993D281EE8BF850007ABDF /* Sources */,
				3E993D291EE8BF850007ABDF /* Frameworks */,
				3E993D2A1EE8BF850007ABDF /* Resources */,
				3E38E8201EF0555F00954A92 /* Embed Frameworks */,
			);
			buildRules = (
			);
			dependencies = (
			);
			name = FileShare;
			productName = "FileShare";
			productReference = 3E993D2C1EE8BF850007ABDF /* FileShare.app */;
			productType = "com.apple.product-type.application";
		};
/* End PBXNativeTarget section */

/* Begin PBXProject section */
		3E993D241EE8BF850007ABDF /* Project object */ = {
			isa = PBXProject;
			attributes = {
				LastUpgradeCheck = 0830;
				ORGANIZATIONNAME = "Bridgefy Inc.";
				TargetAttributes = {
					3E993D2B1EE8BF850007ABDF = {
						CreatedOnToolsVersion = 8.3.2;
						DevelopmentTeam = FMC5MLL736;
						ProvisioningStyle = Automatic;
						SystemCapabilities = {
							com.apple.iCloud = {
								enabled = 1;
							};
						};
					};
				};
			};
			buildConfigurationList = 3E993D271EE8BF850007ABDF /* Build configuration list for PBXProject "FileShare" */;
			compatibilityVersion = "Xcode 3.2";
			developmentRegion = English;
			hasScannedForEncodings = 0;
			knownRegions = (
				en,
				Base,
			);
			mainGroup = 3E993D231EE8BF850007ABDF;
			productRefGroup = 3E993D2D1EE8BF850007ABDF /* Products */;
			projectDirPath = "";
			projectRoot = "";
			targets = (
				3E993D2B1EE8BF850007ABDF /* FileShare */,
			);
		};
/* End PBXProject section */

/* Begin PBXResourcesBuildPhase section */
		3E993D2A1EE8BF850007ABDF /* Resources */ = {
			isa = PBXResourcesBuildPhase;
			buildActionMask = 2147483647;
			files = (
				3E993D3F1EE8BF850007ABDF /* LaunchScreen.storyboard in Resources */,
				3E993D471EE8C7D10007ABDF /* Assets.xcassets in Resources */,
				3E993D3A1EE8BF850007ABDF /* Main.storyboard in Resources */,
			);
			runOnlyForDeploymentPostprocessing = 0;
		};
/* End PBXResourcesBuildPhase section */

/* Begin PBXSourcesBuildPhase section */
		3E993D281EE8BF850007ABDF /* Sources */ = {
			isa = PBXSourcesBuildPhase;
			buildActionMask = 2147483647;
			files = (
				3E885AD81EE9E66A00735F87 /* FileInfo.m in Sources */,
				3E993D341EE8BF850007ABDF /* AppDelegate.m in Sources */,
				3E993D4A1EE8C8D30007ABDF /* NearbyPeersTableViewController.m in Sources */,
				3E993D311EE8BF850007ABDF /* main.m in Sources */,
				3E993D4D1EE8C8EA0007ABDF /* FilesTableViewController.m in Sources */,
				3E2B6D311EEB39E500B14566 /* Peer.m in Sources */,
			);
			runOnlyForDeploymentPostprocessing = 0;
		};
/* End PBXSourcesBuildPhase section */

/* Begin PBXVariantGroup section */
		3E993D381EE8BF850007ABDF /* Main.storyboard */ = {
			isa = PBXVariantGroup;
			children = (
				3E993D391EE8BF850007ABDF /* Base */,
			);
			name = Main.storyboard;
			sourceTree = "<group>";
		};
		3E993D3D1EE8BF850007ABDF /* LaunchScreen.storyboard */ = {
			isa = PBXVariantGroup;
			children = (
				3E993D3E1EE8BF850007ABDF /* Base */,
			);
			name = LaunchScreen.storyboard;
			sourceTree = "<group>";
		};
/* End PBXVariantGroup section */

/* Begin XCBuildConfiguration section */
		3E993D411EE8BF850007ABDF /* Debug */ = {
			isa = XCBuildConfiguration;
			buildSettings = {
				ALWAYS_SEARCH_USER_PATHS = NO;
				CLANG_ANALYZER_NONNULL = YES;
				CLANG_ANALYZER_NUMBER_OBJECT_CONVERSION = YES_AGGRESSIVE;
				CLANG_CXX_LANGUAGE_STANDARD = "gnu++0x";
				CLANG_CXX_LIBRARY = "libc++";
				CLANG_ENABLE_MODULES = YES;
				CLANG_ENABLE_OBJC_ARC = YES;
				CLANG_WARN_BOOL_CONVERSION = YES;
				CLANG_WARN_CONSTANT_CONVERSION = YES;
				CLANG_WARN_DIRECT_OBJC_ISA_USAGE = YES_ERROR;
				CLANG_WARN_DOCUMENTATION_COMMENTS = YES;
				CLANG_WARN_EMPTY_BODY = YES;
				CLANG_WARN_ENUM_CONVERSION = YES;
				CLANG_WARN_INFINITE_RECURSION = YES;
				CLANG_WARN_INT_CONVERSION = YES;
				CLANG_WARN_OBJC_ROOT_CLASS = YES_ERROR;
				CLANG_WARN_SUSPICIOUS_MOVE = YES;
				CLANG_WARN_UNREACHABLE_CODE = YES;
				CLANG_WARN__DUPLICATE_METHOD_MATCH = YES;
				"CODE_SIGN_IDENTITY[sdk=iphoneos*]" = "iPhone Developer";
				COPY_PHASE_STRIP = NO;
				DEBUG_INFORMATION_FORMAT = dwarf;
				ENABLE_STRICT_OBJC_MSGSEND = YES;
				ENABLE_TESTABILITY = YES;
				GCC_C_LANGUAGE_STANDARD = gnu99;
				GCC_DYNAMIC_NO_PIC = NO;
				GCC_NO_COMMON_BLOCKS = YES;
				GCC_OPTIMIZATION_LEVEL = 0;
				GCC_PREPROCESSOR_DEFINITIONS = (
					"DEBUG=1",
					"$(inherited)",
				);
				GCC_WARN_64_TO_32_BIT_CONVERSION = YES;
				GCC_WARN_ABOUT_RETURN_TYPE = YES_ERROR;
				GCC_WARN_UNDECLARED_SELECTOR = YES;
				GCC_WARN_UNINITIALIZED_AUTOS = YES_AGGRESSIVE;
				GCC_WARN_UNUSED_FUNCTION = YES;
				GCC_WARN_UNUSED_VARIABLE = YES;
				IPHONEOS_DEPLOYMENT_TARGET = 10.3;
				MTL_ENABLE_DEBUG_INFO = YES;
				ONLY_ACTIVE_ARCH = YES;
				SDKROOT = iphoneos;
				TARGETED_DEVICE_FAMILY = "1,2";
			};
			name = Debug;
		};
		3E993D421EE8BF850007ABDF /* Release */ = {
			isa = XCBuildConfiguration;
			buildSettings = {
				ALWAYS_SEARCH_USER_PATHS = NO;
				CLANG_ANALYZER_NONNULL = YES;
				CLANG_ANALYZER_NUMBER_OBJECT_CONVERSION = YES_AGGRESSIVE;
				CLANG_CXX_LANGUAGE_STANDARD = "gnu++0x";
				CLANG_CXX_LIBRARY = "libc++";
				CLANG_ENABLE_MODULES = YES;
				CLANG_ENABLE_OBJC_ARC = YES;
				CLANG_WARN_BOOL_CONVERSION = YES;
				CLANG_WARN_CONSTANT_CONVERSION = YES;
				CLANG_WARN_DIRECT_OBJC_ISA_USAGE = YES_ERROR;
				CLANG_WARN_DOCUMENTATION_COMMENTS = YES;
				CLANG_WARN_EMPTY_BODY = YES;
				CLANG_WARN_ENUM_CONVERSION = YES;
				CLANG_WARN_INFINITE_RECURSION = YES;
				CLANG_WARN_INT_CONVERSION = YES;
				CLANG_WARN_OBJC_ROOT_CLASS = YES_ERROR;
				CLANG_WARN_SUSPICIOUS_MOVE = YES;
				CLANG_WARN_UNREACHABLE_CODE = YES;
				CLANG_WARN__DUPLICATE_METHOD_MATCH = YES;
				"CODE_SIGN_IDENTITY[sdk=iphoneos*]" = "iPhone Developer";
				COPY_PHASE_STRIP = NO;
				DEBUG_INFORMATION_FORMAT = "dwarf-with-dsym";
				ENABLE_NS_ASSERTIONS = NO;
				ENABLE_STRICT_OBJC_MSGSEND = YES;
				GCC_C_LANGUAGE_STANDARD = gnu99;
				GCC_NO_COMMON_BLOCKS = YES;
				GCC_WARN_64_TO_32_BIT_CONVERSION = YES;
				GCC_WARN_ABOUT_RETURN_TYPE = YES_ERROR;
				GCC_WARN_UNDECLARED_SELECTOR = YES;
				GCC_WARN_UNINITIALIZED_AUTOS = YES_AGGRESSIVE;
				GCC_WARN_UNUSED_FUNCTION = YES;
				GCC_WARN_UNUSED_VARIABLE = YES;
				IPHONEOS_DEPLOYMENT_TARGET = 10.3;
				MTL_ENABLE_DEBUG_INFO = NO;
				SDKROOT = iphoneos;
				TARGETED_DEVICE_FAMILY = "1,2";
				VALIDATE_PRODUCT = YES;
			};
			name = Release;
		};
		3E993D441EE8BF850007ABDF /* Debug */ = {
			isa = XCBuildConfiguration;
			buildSettings = {
				ASSETCATALOG_COMPILER_APPICON_NAME = AppIcon;
				CODE_SIGN_ENTITLEMENTS = "FileShare/FileShare.entitlements";
				DEVELOPMENT_TEAM = FMC5MLL736;
				FRAMEWORK_SEARCH_PATHS = (
					"$(PROJECT_DIR)/FileShare",
					"$(PROJECT_DIR)",
					"$(PROJECT_DIR)/../../../",
				);
				INFOPLIST_FILE = "$(SRCROOT)/FileShare/Info.plist";
				IPHONEOS_DEPLOYMENT_TARGET = 9.0;
				LD_RUNPATH_SEARCH_PATHS = "$(inherited) @executable_path/Frameworks";
				PRODUCT_BUNDLE_IDENTIFIER = com.bridgefy.fileshare;
				PRODUCT_NAME = "$(TARGET_NAME)";
			};
			name = Debug;
		};
		3E993D451EE8BF850007ABDF /* Release */ = {
			isa = XCBuildConfiguration;
			buildSettings = {
				ASSETCATALOG_COMPILER_APPICON_NAME = AppIcon;
				CODE_SIGN_ENTITLEMENTS = "FileShare/FileShare.entitlements";
				DEVELOPMENT_TEAM = FMC5MLL736;
				FRAMEWORK_SEARCH_PATHS = (
					"$(PROJECT_DIR)/FileShare",
					"$(PROJECT_DIR)",
					"$(PROJECT_DIR)/../../../",
				);
				INFOPLIST_FILE = "$(SRCROOT)/FileShare/Info.plist";
				IPHONEOS_DEPLOYMENT_TARGET = 9.0;
				LD_RUNPATH_SEARCH_PATHS = "$(inherited) @executable_path/Frameworks";
				PRODUCT_BUNDLE_IDENTIFIER = com.bridgefy.fileshare;
				PRODUCT_NAME = "$(TARGET_NAME)";
			};
			name = Release;
		};
/* End XCBuildConfiguration section */

/* Begin XCConfigurationList section */
		3E993D271EE8BF850007ABDF /* Build configuration list for PBXProject "FileShare" */ = {
			isa = XCConfigurationList;
			buildConfigurations = (
				3E993D411EE8BF850007ABDF /* Debug */,
				3E993D421EE8BF850007ABDF /* Release */,
			);
			defaultConfigurationIsVisible = 0;
			defaultConfigurationName = Release;
		};
		3E993D431EE8BF850007ABDF /* Build configuration list for PBXNativeTarget "FileShare" */ = {
			isa = XCConfigurationList;
			buildConfigurations = (
				3E993D441EE8BF850007ABDF /* Debug */,
				3E993D451EE8BF850007ABDF /* Release */,
			);
			defaultConfigurationIsVisible = 0;
			defaultConfigurationName = Release;
		};
/* End XCConfigurationList section */
	};
	rootObject = 3E993D241EE8BF850007ABDF /* Project object */;
}
