// !$*UTF8*$!
{
	archiveVersion = 1;
	classes = {
	};
	objectVersion = 46;
	objects = {

/* Begin PBXBuildFile section */
		5114B1401D3D975E002D339B /* main.m in Sources */ = {isa = PBXBuildFile; fileRef = 5114B13F1D3D975E002D339B /* main.m */; };
		5114B1431D3D975E002D339B /* AppDelegate.m in Sources */ = {isa = PBXBuildFile; fileRef = 5114B1421D3D975E002D339B /* AppDelegate.m */; };
		5114B1491D3D975E002D339B /* Main.storyboard in Resources */ = {isa = PBXBuildFile; fileRef = 5114B1471D3D975E002D339B /* Main.storyboard */; };
		5114B14B1D3D975E002D339B /* Assets.xcassets in Resources */ = {isa = PBXBuildFile; fileRef = 5114B14A1D3D975E002D339B /* Assets.xcassets */; };
		5114B14E1D3D975E002D339B /* LaunchScreen.storyboard in Resources */ = {isa = PBXBuildFile; fileRef = 5114B14C1D3D975E002D339B /* LaunchScreen.storyboard */; };
		5114B16B1D3DAC84002D339B /* BFTransmitter.framework in Frameworks */ = {isa = PBXBuildFile; fileRef = 5114B16A1D3DAC84002D339B /* BFTransmitter.framework */; };
		5114B1711D3DAF2B002D339B /* ChatListController.m in Sources */ = {isa = PBXBuildFile; fileRef = 5114B1701D3DAF2B002D339B /* ChatListController.m */; };
		5114B1741D3DB7EA002D339B /* ChatViewController.m in Sources */ = {isa = PBXBuildFile; fileRef = 5114B1731D3DB7EA002D339B /* ChatViewController.m */; };
		5114B1771D3ED4F4002D339B /* Message.m in Sources */ = {isa = PBXBuildFile; fileRef = 5114B1761D3ED4F4002D339B /* Message.m */; };
		5114B1791D3EE472002D339B /* BFTransmitter.framework in Embed Frameworks */ = {isa = PBXBuildFile; fileRef = 5114B16A1D3DAC84002D339B /* BFTransmitter.framework */; settings = {ATTRIBUTES = (CodeSignOnCopy, RemoveHeadersOnCopy, ); }; };
/* End PBXBuildFile section */

/* Begin PBXCopyFilesBuildPhase section */
		5114B1611D3DA1C3002D339B /* Embed Frameworks */ = {
			isa = PBXCopyFilesBuildPhase;
			buildActionMask = 2147483647;
			dstPath = "";
			dstSubfolderSpec = 10;
			files = (
				5114B1791D3EE472002D339B /* BFTransmitter.framework in Embed Frameworks */,
			);
			name = "Embed Frameworks";
			runOnlyForDeploymentPostprocessing = 0;
		};
/* End PBXCopyFilesBuildPhase section */

/* Begin PBXFileReference section */
		5114B13B1D3D975E002D339B /* ChatSample.app */ = {isa = PBXFileReference; explicitFileType = wrapper.application; includeInIndex = 0; path = ChatSample.app; sourceTree = BUILT_PRODUCTS_DIR; };
		5114B13F1D3D975E002D339B /* main.m */ = {isa = PBXFileReference; lastKnownFileType = sourcecode.c.objc; path = main.m; sourceTree = "<group>"; };
		5114B1411D3D975E002D339B /* AppDelegate.h */ = {isa = PBXFileReference; lastKnownFileType = sourcecode.c.h; path = AppDelegate.h; sourceTree = "<group>"; };
		5114B1421D3D975E002D339B /* AppDelegate.m */ = {isa = PBXFileReference; lastKnownFileType = sourcecode.c.objc; path = AppDelegate.m; sourceTree = "<group>"; };
		5114B1481D3D975E002D339B /* Base */ = {isa = PBXFileReference; lastKnownFileType = file.storyboard; name = Base; path = Base.lproj/Main.storyboard; sourceTree = "<group>"; };
		5114B14A1D3D975E002D339B /* Assets.xcassets */ = {isa = PBXFileReference; lastKnownFileType = folder.assetcatalog; path = Assets.xcassets; sourceTree = "<group>"; };
		5114B14D1D3D975E002D339B /* Base */ = {isa = PBXFileReference; lastKnownFileType = file.storyboard; name = Base; path = Base.lproj/LaunchScreen.storyboard; sourceTree = "<group>"; };
		5114B14F1D3D975E002D339B /* Info.plist */ = {isa = PBXFileReference; lastKnownFileType = text.plist.xml; path = Info.plist; sourceTree = "<group>"; };
		5114B16A1D3DAC84002D339B /* BFTransmitter.framework */ = {isa = PBXFileReference; lastKnownFileType = wrapper.framework; name = BFTransmitter.framework; path = ../../../BFTransmitter.framework; sourceTree = "<group>"; };
		5114B16F1D3DAF2B002D339B /* ChatListController.h */ = {isa = PBXFileReference; fileEncoding = 4; lastKnownFileType = sourcecode.c.h; path = ChatListController.h; sourceTree = "<group>"; };
		5114B1701D3DAF2B002D339B /* ChatListController.m */ = {isa = PBXFileReference; fileEncoding = 4; lastKnownFileType = sourcecode.c.objc; path = ChatListController.m; sourceTree = "<group>"; };
		5114B1721D3DB7EA002D339B /* ChatViewController.h */ = {isa = PBXFileReference; fileEncoding = 4; lastKnownFileType = sourcecode.c.h; path = ChatViewController.h; sourceTree = "<group>"; };
		5114B1731D3DB7EA002D339B /* ChatViewController.m */ = {isa = PBXFileReference; fileEncoding = 4; lastKnownFileType = sourcecode.c.objc; path = ChatViewController.m; sourceTree = "<group>"; };
		5114B1751D3ED4F4002D339B /* Message.h */ = {isa = PBXFileReference; fileEncoding = 4; lastKnownFileType = sourcecode.c.h; path = Message.h; sourceTree = "<group>"; };
		5114B1761D3ED4F4002D339B /* Message.m */ = {isa = PBXFileReference; fileEncoding = 4; lastKnownFileType = sourcecode.c.objc; path = Message.m; sourceTree = "<group>"; };
/* End PBXFileReference section */

/* Begin PBXFrameworksBuildPhase section */
		5114B1381D3D975E002D339B /* Frameworks */ = {
			isa = PBXFrameworksBuildPhase;
			buildActionMask = 2147483647;
			files = (
				5114B16B1D3DAC84002D339B /* BFTransmitter.framework in Frameworks */,
			);
			runOnlyForDeploymentPostprocessing = 0;
		};
/* End PBXFrameworksBuildPhase section */

/* Begin PBXGroup section */
		5114B1321D3D975E002D339B = {
			isa = PBXGroup;
			children = (
				5114B16A1D3DAC84002D339B /* BFTransmitter.framework */,
				5114B13D1D3D975E002D339B /* ChatSample */,
				5114B13C1D3D975E002D339B /* Products */,
			);
			sourceTree = "<group>";
		};
		5114B13C1D3D975E002D339B /* Products */ = {
			isa = PBXGroup;
			children = (
				5114B13B1D3D975E002D339B /* ChatSample.app */,
			);
			name = Products;
			sourceTree = "<group>";
		};
		5114B13D1D3D975E002D339B /* ChatSample */ = {
			isa = PBXGroup;
			children = (
				5114B1411D3D975E002D339B /* AppDelegate.h */,
				5114B1421D3D975E002D339B /* AppDelegate.m */,
				5114B1471D3D975E002D339B /* Main.storyboard */,
				5114B14A1D3D975E002D339B /* Assets.xcassets */,
				5114B14C1D3D975E002D339B /* LaunchScreen.storyboard */,
				5114B14F1D3D975E002D339B /* Info.plist */,
				5114B13E1D3D975E002D339B /* Supporting Files */,
				5114B16F1D3DAF2B002D339B /* ChatListController.h */,
				5114B1701D3DAF2B002D339B /* ChatListController.m */,
				5114B1721D3DB7EA002D339B /* ChatViewController.h */,
				5114B1731D3DB7EA002D339B /* ChatViewController.m */,
				5114B1751D3ED4F4002D339B /* Message.h */,
				5114B1761D3ED4F4002D339B /* Message.m */,
			);
			path = ChatSample;
			sourceTree = "<group>";
		};
		5114B13E1D3D975E002D339B /* Supporting Files */ = {
			isa = PBXGroup;
			children = (
				5114B13F1D3D975E002D339B /* main.m */,
			);
			name = "Supporting Files";
			sourceTree = "<group>";
		};
/* End PBXGroup section */

/* Begin PBXNativeTarget section */
		5114B13A1D3D975E002D339B /* ChatSample */ = {
			isa = PBXNativeTarget;
			buildConfigurationList = 5114B1521D3D975E002D339B /* Build configuration list for PBXNativeTarget "ChatSample" */;
			buildPhases = (
				5114B1371D3D975E002D339B /* Sources */,
				5114B1381D3D975E002D339B /* Frameworks */,
				5114B1391D3D975E002D339B /* Resources */,
				5114B1611D3DA1C3002D339B /* Embed Frameworks */,
			);
			buildRules = (
			);
			dependencies = (
			);
			name = ChatSample;
			productName = ChatSample;
			productReference = 5114B13B1D3D975E002D339B /* ChatSample.app */;
			productType = "com.apple.product-type.application";
		};
/* End PBXNativeTarget section */

/* Begin PBXProject section */
		5114B1331D3D975E002D339B /* Project object */ = {
			isa = PBXProject;
			attributes = {
				LastUpgradeCheck = 0800;
				ORGANIZATIONNAME = "Bridgefy Inc.";
				TargetAttributes = {
					5114B13A1D3D975E002D339B = {
						CreatedOnToolsVersion = 7.2;
						DevelopmentTeam = FMC5MLL736;
						ProvisioningStyle = Automatic;
					};
				};
			};
			buildConfigurationList = 5114B1361D3D975E002D339B /* Build configuration list for PBXProject "ChatSample" */;
			compatibilityVersion = "Xcode 3.2";
			developmentRegion = English;
			hasScannedForEncodings = 0;
			knownRegions = (
				en,
				Base,
			);
			mainGroup = 5114B1321D3D975E002D339B;
			productRefGroup = 5114B13C1D3D975E002D339B /* Products */;
			projectDirPath = "";
			projectRoot = "";
			targets = (
				5114B13A1D3D975E002D339B /* ChatSample */,
			);
		};
/* End PBXProject section */

/* Begin PBXResourcesBuildPhase section */
		5114B1391D3D975E002D339B /* Resources */ = {
			isa = PBXResourcesBuildPhase;
			buildActionMask = 2147483647;
			files = (
				5114B14E1D3D975E002D339B /* LaunchScreen.storyboard in Resources */,
				5114B14B1D3D975E002D339B /* Assets.xcassets in Resources */,
				5114B1491D3D975E002D339B /* Main.storyboard in Resources */,
			);
			runOnlyForDeploymentPostprocessing = 0;
		};
/* End PBXResourcesBuildPhase section */

/* Begin PBXSourcesBuildPhase section */
		5114B1371D3D975E002D339B /* Sources */ = {
			isa = PBXSourcesBuildPhase;
			buildActionMask = 2147483647;
			files = (
				5114B1431D3D975E002D339B /* AppDelegate.m in Sources */,
				5114B1401D3D975E002D339B /* main.m in Sources */,
				5114B1771D3ED4F4002D339B /* Message.m in Sources */,
				5114B1741D3DB7EA002D339B /* ChatViewController.m in Sources */,
				5114B1711D3DAF2B002D339B /* ChatListController.m in Sources */,
			);
			runOnlyForDeploymentPostprocessing = 0;
		};
/* End PBXSourcesBuildPhase section */

/* Begin PBXVariantGroup section */
		5114B1471D3D975E002D339B /* Main.storyboard */ = {
			isa = PBXVariantGroup;
			children = (
				5114B1481D3D975E002D339B /* Base */,
			);
			name = Main.storyboard;
			sourceTree = "<group>";
		};
		5114B14C1D3D975E002D339B /* LaunchScreen.storyboard */ = {
			isa = PBXVariantGroup;
			children = (
				5114B14D1D3D975E002D339B /* Base */,
			);
			name = LaunchScreen.storyboard;
			sourceTree = "<group>";
		};
/* End PBXVariantGroup section */

/* Begin XCBuildConfiguration section */
		5114B1501D3D975E002D339B /* Debug */ = {
			isa = XCBuildConfiguration;
			buildSettings = {
				ALWAYS_SEARCH_USER_PATHS = NO;
				CLANG_CXX_LANGUAGE_STANDARD = "gnu++0x";
				CLANG_CXX_LIBRARY = "libc++";
				CLANG_ENABLE_MODULES = YES;
				CLANG_ENABLE_OBJC_ARC = YES;
				CLANG_WARN_BOOL_CONVERSION = YES;
				CLANG_WARN_CONSTANT_CONVERSION = YES;
				CLANG_WARN_DIRECT_OBJC_ISA_USAGE = YES_ERROR;
				CLANG_WARN_EMPTY_BODY = YES;
				CLANG_WARN_ENUM_CONVERSION = YES;
				CLANG_WARN_INFINITE_RECURSION = YES;
				CLANG_WARN_INT_CONVERSION = YES;
				CLANG_WARN_OBJC_ROOT_CLASS = YES_ERROR;
				CLANG_WARN_SUSPICIOUS_MOVE = YES;
				CLANG_WARN_UNREACHABLE_CODE = YES;
				CLANG_WARN__DUPLICATE_METHOD_MATCH = YES;
				"CODE_SIGN_IDENTITY[sdk=iphoneos*]" = "iPhone Developer";
				COPY_PHASE_STRIP = NO;
				DEBUG_INFORMATION_FORMAT = dwarf;
				ENABLE_STRICT_OBJC_MSGSEND = YES;
				ENABLE_TESTABILITY = YES;
				GCC_C_LANGUAGE_STANDARD = gnu99;
				GCC_DYNAMIC_NO_PIC = NO;
				GCC_NO_COMMON_BLOCKS = YES;
				GCC_OPTIMIZATION_LEVEL = 0;
				GCC_PREPROCESSOR_DEFINITIONS = (
					"DEBUG=1",
					"$(inherited)",
				);
				GCC_WARN_64_TO_32_BIT_CONVERSION = YES;
				GCC_WARN_ABOUT_RETURN_TYPE = YES_ERROR;
				GCC_WARN_UNDECLARED_SELECTOR = YES;
				GCC_WARN_UNINITIALIZED_AUTOS = YES_AGGRESSIVE;
				GCC_WARN_UNUSED_FUNCTION = YES;
				GCC_WARN_UNUSED_VARIABLE = YES;
				IPHONEOS_DEPLOYMENT_TARGET = 9.2;
				MTL_ENABLE_DEBUG_INFO = YES;
				ONLY_ACTIVE_ARCH = YES;
				SDKROOT = iphoneos;
				TARGETED_DEVICE_FAMILY = "1,2";
			};
			name = Debug;
		};
		5114B1511D3D975E002D339B /* Release */ = {
			isa = XCBuildConfiguration;
			buildSettings = {
				ALWAYS_SEARCH_USER_PATHS = NO;
				CLANG_CXX_LANGUAGE_STANDARD = "gnu++0x";
				CLANG_CXX_LIBRARY = "libc++";
				CLANG_ENABLE_MODULES = YES;
				CLANG_ENABLE_OBJC_ARC = YES;
				CLANG_WARN_BOOL_CONVERSION = YES;
				CLANG_WARN_CONSTANT_CONVERSION = YES;
				CLANG_WARN_DIRECT_OBJC_ISA_USAGE = YES_ERROR;
				CLANG_WARN_EMPTY_BODY = YES;
				CLANG_WARN_ENUM_CONVERSION = YES;
				CLANG_WARN_INFINITE_RECURSION = YES;
				CLANG_WARN_INT_CONVERSION = YES;
				CLANG_WARN_OBJC_ROOT_CLASS = YES_ERROR;
				CLANG_WARN_SUSPICIOUS_MOVE = YES;
				CLANG_WARN_UNREACHABLE_CODE = YES;
				CLANG_WARN__DUPLICATE_METHOD_MATCH = YES;
				"CODE_SIGN_IDENTITY[sdk=iphoneos*]" = "iPhone Developer";
				COPY_PHASE_STRIP = NO;
				DEBUG_INFORMATION_FORMAT = "dwarf-with-dsym";
				ENABLE_NS_ASSERTIONS = NO;
				ENABLE_STRICT_OBJC_MSGSEND = YES;
				GCC_C_LANGUAGE_STANDARD = gnu99;
				GCC_NO_COMMON_BLOCKS = YES;
				GCC_WARN_64_TO_32_BIT_CONVERSION = YES;
				GCC_WARN_ABOUT_RETURN_TYPE = YES_ERROR;
				GCC_WARN_UNDECLARED_SELECTOR = YES;
				GCC_WARN_UNINITIALIZED_AUTOS = YES_AGGRESSIVE;
				GCC_WARN_UNUSED_FUNCTION = YES;
				GCC_WARN_UNUSED_VARIABLE = YES;
				IPHONEOS_DEPLOYMENT_TARGET = 9.2;
				MTL_ENABLE_DEBUG_INFO = NO;
				SDKROOT = iphoneos;
				TARGETED_DEVICE_FAMILY = "1,2";
				VALIDATE_PRODUCT = YES;
			};
			name = Release;
		};
		5114B1531D3D975E002D339B /* Debug */ = {
			isa = XCBuildConfiguration;
			buildSettings = {
				ASSETCATALOG_COMPILER_APPICON_NAME = AppIcon;
				"CODE_SIGN_IDENTITY[sdk=iphoneos*]" = "iPhone Developer";
				DEVELOPMENT_TEAM = "";
				FRAMEWORK_SEARCH_PATHS = (
					"$(PROJECT_DIR)/ChatSample",
					"$(PROJECT_DIR)",
					"$(PROJECT_DIR)/../../../",
				);
				INFOPLIST_FILE = ChatSample/Info.plist;
				IPHONEOS_DEPLOYMENT_TARGET = 8.0;
				LD_RUNPATH_SEARCH_PATHS = "$(inherited) @executable_path/Frameworks";
				PRODUCT_BUNDLE_IDENTIFIER = transmitter.chat.ChatSample;
				PRODUCT_NAME = "$(TARGET_NAME)";
				PROVISIONING_PROFILE = "";
				PROVISIONING_PROFILE_SPECIFIER = "";
			};
			name = Debug;
		};
		5114B1541D3D975E002D339B /* Release */ = {
			isa = XCBuildConfiguration;
			buildSettings = {
				ASSETCATALOG_COMPILER_APPICON_NAME = AppIcon;
				"CODE_SIGN_IDENTITY[sdk=iphoneos*]" = "iPhone Developer";
				DEVELOPMENT_TEAM = "";
				FRAMEWORK_SEARCH_PATHS = (
					"$(PROJECT_DIR)/ChatSample",
					"$(PROJECT_DIR)",
					"$(PROJECT_DIR)/../../../",
				);
				INFOPLIST_FILE = ChatSample/Info.plist;
				IPHONEOS_DEPLOYMENT_TARGET = 8.0;
				LD_RUNPATH_SEARCH_PATHS = "$(inherited) @executable_path/Frameworks";
				PRODUCT_BUNDLE_IDENTIFIER = transmitter.chat.ChatSample;
				PRODUCT_NAME = "$(TARGET_NAME)";
				PROVISIONING_PROFILE = "";
				PROVISIONING_PROFILE_SPECIFIER = "";
			};
			name = Release;
		};
/* End XCBuildConfiguration section */

/* Begin XCConfigurationList section */
		5114B1361D3D975E002D339B /* Build configuration list for PBXProject "ChatSample" */ = {
			isa = XCConfigurationList;
			buildConfigurations = (
				5114B1501D3D975E002D339B /* Debug */,
				5114B1511D3D975E002D339B /* Release */,
			);
			defaultConfigurationIsVisible = 0;
			defaultConfigurationName = Release;
		};
		5114B1521D3D975E002D339B /* Build configuration list for PBXNativeTarget "ChatSample" */ = {
			isa = XCConfigurationList;
			buildConfigurations = (
				5114B1531D3D975E002D339B /* Debug */,
				5114B1541D3D975E002D339B /* Release */,
			);
			defaultConfigurationIsVisible = 0;
			defaultConfigurationName = Release;
		};
/* End XCConfigurationList section */
	};
	rootObject = 5114B1331D3D975E002D339B /* Project object */;
}
